
Microsoft Visual Studio Solution File, Format Version 12.00
# Visual Studio Version 16
VisualStudioVersion = 16.0.30523.141
MinimumVisualStudioVersion = 10.0.40219.1
Project("{FAE04EC0-301F-11D3-BF4B-00C04F79EFBC}") = "CrecheApp.WebAPI", "CrecheApp.WebAPI\CrecheApp.WebAPI.csproj", "{D60123CE-8362-4508-B407-57028E07A54F}"
EndProject
Project("{FAE04EC0-301F-11D3-BF4B-00C04F79EFBC}") = "CrecheApp.Domain", "CrecheApp.Domain\CrecheApp.Domain.csproj", "{5D2727E9-E955-4AF7-A2EC-B7324F4DCF21}"
EndProject
Project("{FAE04EC0-301F-11D3-BF4B-00C04F79EFBC}") = "CrecheApp.Infrastructure", "CrecheApp.Infrastructure\CrecheApp.Infrastructure.csproj", "{6C847419-FA60-4282-B87C-CA873EC22598}"
EndProject
Project("{9A19103F-16F7-4668-BE54-9A1E7A4F7556}") = "CrecheApp.Service", "CrecheApp.Service\CrecheApp.Service.csproj", "{63BAF4A4-E8EA-43CF-9DD4-46815E08BDB7}"
EndProject
Global
	GlobalSection(SolutionConfigurationPlatforms) = preSolution
		Debug|Any CPU = Debug|Any CPU
		Release|Any CPU = Release|Any CPU
	EndGlobalSection
	GlobalSection(ProjectConfigurationPlatforms) = postSolution
		{D60123CE-8362-4508-B407-57028E07A54F}.Debug|Any CPU.ActiveCfg = Debug|Any CPU
		{D60123CE-8362-4508-B407-57028E07A54F}.Debug|Any CPU.Build.0 = Debug|Any CPU
		{D60123CE-8362-4508-B407-57028E07A54F}.Release|Any CPU.ActiveCfg = Release|Any CPU
		{D60123CE-8362-4508-B407-57028E07A54F}.Release|Any CPU.Build.0 = Release|Any CPU
		{5D2727E9-E955-4AF7-A2EC-B7324F4DCF21}.Debug|Any CPU.ActiveCfg = Debug|Any CPU
		{5D2727E9-E955-4AF7-A2EC-B7324F4DCF21}.Debug|Any CPU.Build.0 = Debug|Any CPU
		{5D2727E9-E955-4AF7-A2EC-B7324F4DCF21}.Release|Any CPU.ActiveCfg = Release|Any CPU
		{5D2727E9-E955-4AF7-A2EC-B7324F4DCF21}.Release|Any CPU.Build.0 = Release|Any CPU
		{6C847419-FA60-4282-B87C-CA873EC22598}.Debug|Any CPU.ActiveCfg = Debug|Any CPU
		{6C847419-FA60-4282-B87C-CA873EC22598}.Debug|Any CPU.Build.0 = Debug|Any CPU
		{6C847419-FA60-4282-B87C-CA873EC22598}.Release|Any CPU.ActiveCfg = Release|Any CPU
		{6C847419-FA60-4282-B87C-CA873EC22598}.Release|Any CPU.Build.0 = Release|Any CPU
		{63BAF4A4-E8EA-43CF-9DD4-46815E08BDB7}.Debug|Any CPU.ActiveCfg = Debug|Any CPU
		{63BAF4A4-E8EA-43CF-9DD4-46815E08BDB7}.Debug|Any CPU.Build.0 = Debug|Any CPU
		{63BAF4A4-E8EA-43CF-9DD4-46815E08BDB7}.Release|Any CPU.ActiveCfg = Release|Any CPU
		{63BAF4A4-E8EA-43CF-9DD4-46815E08BDB7}.Release|Any CPU.Build.0 = Release|Any CPU
	EndGlobalSection
	GlobalSection(SolutionProperties) = preSolution
		HideSolutionNode = FALSE
	EndGlobalSection
	GlobalSection(ExtensibilityGlobals) = postSolution
		SolutionGuid = {49F7B1FB-8B41-4D9B-B890-A02A10FAD48F}
	EndGlobalSection
EndGlobal
